
Microsoft Visual Studio Solution File, Format Version 12.00
Project("{FAE04EC0-301F-11D3-BF4B-00C04F79EFBC}") = "Lesson 1", "Lesson 1\Lesson 1.csproj", "{7E25D946-B335-4EC7-A266-502C3249A842}"
EndProject
Project("{FAE04EC0-301F-11D3-BF4B-00C04F79EFBC}") = "Lesson 2", "Lesson 2\Lesson 2.csproj", "{5C3CE43C-7BB1-4E15-B2CF-CD2E6015F2E8}"
EndProject
Project("{FAE04EC0-301F-11D3-BF4B-00C04F79EFBC}") = "Lesson 3", "Lesson 3\Lesson 3.csproj", "{828BFD80-8155-4F5D-9F7E-F3C667865F13}"
EndProject
Project("{FAE04EC0-301F-11D3-BF4B-00C04F79EFBC}") = "Lesson 4", "Lesson 4\Lesson 4.csproj", "{79256460-1A95-446C-BA7F-8427B1CF2CC6}"
EndProject
Project("{FAE04EC0-301F-11D3-BF4B-00C04F79EFBC}") = "Lesson 5", "Lesson 5\Lesson 5.csproj", "{49AC03BB-D776-4070-ACCD-70779CA39927}"
EndProject
Project("{FAE04EC0-301F-11D3-BF4B-00C04F79EFBC}") = "Lesson 6", "Lesson 6\Lesson 6.csproj", "{84C7CF73-72A3-4FDC-987D-890F6E288187}"
EndProject
Project("{FAE04EC0-301F-11D3-BF4B-00C04F79EFBC}") = "MathUtilities", "MathUtilities\MathUtilities.csproj", "{148975F9-6597-4E67-A5D6-B9873767E3DB}"
EndProject
Project("{FAE04EC0-301F-11D3-BF4B-00C04F79EFBC}") = "Utilities", "Utilities\Utilities.csproj", "{552CC8AE-6031-4A01-9B9B-D66382512734}"
EndProject
Project("{FAE04EC0-301F-11D3-BF4B-00C04F79EFBC}") = "UtilitiesTests", "UtilitiesTests\UtilitiesTests.csproj", "{ACDF4A1E-0951-49D2-BDA1-C1686C7656A0}"
EndProject
Global
	GlobalSection(SolutionConfigurationPlatforms) = preSolution
		Debug|Any CPU = Debug|Any CPU
		Release|Any CPU = Release|Any CPU
	EndGlobalSection
	GlobalSection(ProjectConfigurationPlatforms) = postSolution
		{7E25D946-B335-4EC7-A266-502C3249A842}.Debug|Any CPU.ActiveCfg = Debug|Any CPU
		{7E25D946-B335-4EC7-A266-502C3249A842}.Debug|Any CPU.Build.0 = Debug|Any CPU
		{7E25D946-B335-4EC7-A266-502C3249A842}.Release|Any CPU.ActiveCfg = Release|Any CPU
		{7E25D946-B335-4EC7-A266-502C3249A842}.Release|Any CPU.Build.0 = Release|Any CPU
		{5C3CE43C-7BB1-4E15-B2CF-CD2E6015F2E8}.Debug|Any CPU.ActiveCfg = Debug|Any CPU
		{5C3CE43C-7BB1-4E15-B2CF-CD2E6015F2E8}.Debug|Any CPU.Build.0 = Debug|Any CPU
		{5C3CE43C-7BB1-4E15-B2CF-CD2E6015F2E8}.Release|Any CPU.ActiveCfg = Release|Any CPU
		{5C3CE43C-7BB1-4E15-B2CF-CD2E6015F2E8}.Release|Any CPU.Build.0 = Release|Any CPU
		{828BFD80-8155-4F5D-9F7E-F3C667865F13}.Debug|Any CPU.ActiveCfg = Debug|Any CPU
		{828BFD80-8155-4F5D-9F7E-F3C667865F13}.Debug|Any CPU.Build.0 = Debug|Any CPU
		{828BFD80-8155-4F5D-9F7E-F3C667865F13}.Release|Any CPU.ActiveCfg = Release|Any CPU
		{828BFD80-8155-4F5D-9F7E-F3C667865F13}.Release|Any CPU.Build.0 = Release|Any CPU
		{79256460-1A95-446C-BA7F-8427B1CF2CC6}.Debug|Any CPU.ActiveCfg = Debug|Any CPU
		{79256460-1A95-446C-BA7F-8427B1CF2CC6}.Debug|Any CPU.Build.0 = Debug|Any CPU
		{79256460-1A95-446C-BA7F-8427B1CF2CC6}.Release|Any CPU.ActiveCfg = Release|Any CPU
		{79256460-1A95-446C-BA7F-8427B1CF2CC6}.Release|Any CPU.Build.0 = Release|Any CPU
		{49AC03BB-D776-4070-ACCD-70779CA39927}.Debug|Any CPU.ActiveCfg = Debug|Any CPU
		{49AC03BB-D776-4070-ACCD-70779CA39927}.Debug|Any CPU.Build.0 = Debug|Any CPU
		{49AC03BB-D776-4070-ACCD-70779CA39927}.Release|Any CPU.ActiveCfg = Release|Any CPU
		{49AC03BB-D776-4070-ACCD-70779CA39927}.Release|Any CPU.Build.0 = Release|Any CPU
		{84C7CF73-72A3-4FDC-987D-890F6E288187}.Debug|Any CPU.ActiveCfg = Debug|Any CPU
		{84C7CF73-72A3-4FDC-987D-890F6E288187}.Debug|Any CPU.Build.0 = Debug|Any CPU
		{84C7CF73-72A3-4FDC-987D-890F6E288187}.Release|Any CPU.ActiveCfg = Release|Any CPU
		{84C7CF73-72A3-4FDC-987D-890F6E288187}.Release|Any CPU.Build.0 = Release|Any CPU
		{148975F9-6597-4E67-A5D6-B9873767E3DB}.Debug|Any CPU.ActiveCfg = Debug|Any CPU
		{148975F9-6597-4E67-A5D6-B9873767E3DB}.Debug|Any CPU.Build.0 = Debug|Any CPU
		{148975F9-6597-4E67-A5D6-B9873767E3DB}.Release|Any CPU.ActiveCfg = Release|Any CPU
		{148975F9-6597-4E67-A5D6-B9873767E3DB}.Release|Any CPU.Build.0 = Release|Any CPU
		{552CC8AE-6031-4A01-9B9B-D66382512734}.Debug|Any CPU.ActiveCfg = Debug|Any CPU
		{552CC8AE-6031-4A01-9B9B-D66382512734}.Debug|Any CPU.Build.0 = Debug|Any CPU
		{552CC8AE-6031-4A01-9B9B-D66382512734}.Release|Any CPU.ActiveCfg = Release|Any CPU
		{552CC8AE-6031-4A01-9B9B-D66382512734}.Release|Any CPU.Build.0 = Release|Any CPU
		{ACDF4A1E-0951-49D2-BDA1-C1686C7656A0}.Debug|Any CPU.ActiveCfg = Debug|Any CPU
		{ACDF4A1E-0951-49D2-BDA1-C1686C7656A0}.Debug|Any CPU.Build.0 = Debug|Any CPU
		{ACDF4A1E-0951-49D2-BDA1-C1686C7656A0}.Release|Any CPU.ActiveCfg = Release|Any CPU
		{ACDF4A1E-0951-49D2-BDA1-C1686C7656A0}.Release|Any CPU.Build.0 = Release|Any CPU
	EndGlobalSection
EndGlobal
